// !$*UTF8*$!
{
	archiveVersion = 1;
	classes = {
	};
	objectVersion = 46;
	objects = {

/* Begin PBXAggregateTarget section */
		6DB609C91854903C0094E37D /* Mogenerator */ = {
			isa = PBXAggregateTarget;
			buildConfigurationList = 6DB609CA1854903C0094E37D /* Build configuration list for PBXAggregateTarget "Mogenerator" */;
			buildPhases = (
				6DB609CD185490650094E37D /* ShellScript */,
			);
			dependencies = (
			);
			name = Mogenerator;
			productName = Mogenerator;
		};
/* End PBXAggregateTarget section */

/* Begin PBXBuildFile section */
		6D071593184E59B8002C3023 /* SystemConfiguration.framework in Frameworks */ = {isa = PBXBuildFile; fileRef = 6D0D87A8184D32AD002904AE /* SystemConfiguration.framework */; };
		6D071595184E59EF002C3023 /* MobileCoreServices.framework in Frameworks */ = {isa = PBXBuildFile; fileRef = 6D071594184E59EF002C3023 /* MobileCoreServices.framework */; };
		6D0715B5184E8318002C3023 /* CTFSessionTests.m in Sources */ = {isa = PBXBuildFile; fileRef = 6D0715B4184E8318002C3023 /* CTFSessionTests.m */; };
		6D0715BB184FCD35002C3023 /* user-response.json in Resources */ = {isa = PBXBuildFile; fileRef = 6D0715BA184FCD35002C3023 /* user-response.json */; };
		6D0715BC184FD965002C3023 /* Model.xcdatamodeld in Sources */ = {isa = PBXBuildFile; fileRef = 6DE99137183A9F9E005F3DB1 /* Model.xcdatamodeld */; };
		6D0715BD184FD965002C3023 /* Model.xcdatamodeld in Sources */ = {isa = PBXBuildFile; fileRef = 6DE99137183A9F9E005F3DB1 /* Model.xcdatamodeld */; };
		6D0715CF18531651002C3023 /* character-response.json in Resources */ = {isa = PBXBuildFile; fileRef = 6D0715CE18531651002C3023 /* character-response.json */; };
		6D0D8795184CF111002904AE /* CTFAPIConnectionTests.m in Sources */ = {isa = PBXBuildFile; fileRef = 6D0D8794184CF111002904AE /* CTFAPIConnectionTests.m */; };
		6D0D8797184CF3FD002904AE /* CTFAPIAccountsTests.m in Sources */ = {isa = PBXBuildFile; fileRef = 6D0D8796184CF3FD002904AE /* CTFAPIAccountsTests.m */; };
		6D0D879B184D26BC002904AE /* STKeychain.m in Sources */ = {isa = PBXBuildFile; fileRef = 6D0D879A184D26BC002904AE /* STKeychain.m */; settings = {COMPILER_FLAGS = "-fno-objc-arc"; }; };
		6D0D87A3184D2FB5002904AE /* CTFLocalCredentialsTests.m in Sources */ = {isa = PBXBuildFile; fileRef = 6D0D87A2184D2FB5002904AE /* CTFLocalCredentialsTests.m */; };
		6D0D87A5184D324C002904AE /* Security.framework in Frameworks */ = {isa = PBXBuildFile; fileRef = 6D0D87A4184D324C002904AE /* Security.framework */; };
		6D0D87AB184D3488002904AE /* CTFLocalCredentialsStoreTests.m in Sources */ = {isa = PBXBuildFile; fileRef = 6D0D87AA184D3488002904AE /* CTFLocalCredentialsStoreTests.m */; };
		6D1825D7184A36120039FD92 /* CTFAPICredentialsTests.m in Sources */ = {isa = PBXBuildFile; fileRef = 6D1825D6184A36120039FD92 /* CTFAPICredentialsTests.m */; };
		6D6DF20F182B8B59004A4D58 /* Localizable.strings in Resources */ = {isa = PBXBuildFile; fileRef = 6D6DF20D182B8B59004A4D58 /* Localizable.strings */; };
		6D9BE0871854AF320036172C /* libPods.a in Frameworks */ = {isa = PBXBuildFile; fileRef = 6D9BE0861854AF320036172C /* libPods.a */; };
		6D9BE08A1854AF870036172C /* LoginAndRegister.storyboard in Resources */ = {isa = PBXBuildFile; fileRef = 6D9BE0881854AF870036172C /* LoginAndRegister.storyboard */; };
		6D9BE08B1854AF870036172C /* Main.storyboard in Resources */ = {isa = PBXBuildFile; fileRef = 6D9BE0891854AF870036172C /* Main.storyboard */; };
		6D9CBE6A183AB4BB000FE071 /* CTFMainViewControllerTests.m in Sources */ = {isa = PBXBuildFile; fileRef = 6D9CBE69183AB4BB000FE071 /* CTFMainViewControllerTests.m */; };
		6DB609AF185488870094E37D /* CTFLoginViewController.m in Sources */ = {isa = PBXBuildFile; fileRef = 6DB609A7185488870094E37D /* CTFLoginViewController.m */; };
		6DB609B0185488870094E37D /* CTFMainViewController.m in Sources */ = {isa = PBXBuildFile; fileRef = 6DB609A9185488870094E37D /* CTFMainViewController.m */; };
		6DB609B1185488870094E37D /* CTFRegisterViewController.m in Sources */ = {isa = PBXBuildFile; fileRef = 6DB609AB185488870094E37D /* CTFRegisterViewController.m */; };
		6DB609B2185488870094E37D /* CTFViewController.m in Sources */ = {isa = PBXBuildFile; fileRef = 6DB609AD185488870094E37D /* CTFViewController.m */; };
		6DB609C2185488CE0094E37D /* CTFAPIAccounts.m in Sources */ = {isa = PBXBuildFile; fileRef = 6DB609B5185488CE0094E37D /* CTFAPIAccounts.m */; };
		6DB609C3185488CE0094E37D /* CTFAPIConnection.m in Sources */ = {isa = PBXBuildFile; fileRef = 6DB609B7185488CE0094E37D /* CTFAPIConnection.m */; };
		6DB609C4185488CE0094E37D /* CTFAPICredentials.m in Sources */ = {isa = PBXBuildFile; fileRef = 6DB609B9185488CE0094E37D /* CTFAPICredentials.m */; };
		6DB609C5185488CE0094E37D /* CTFAPICredentials+Validator.m in Sources */ = {isa = PBXBuildFile; fileRef = 6DB609BB185488CE0094E37D /* CTFAPICredentials+Validator.m */; };
		6DB609C6185488CE0094E37D /* CTFAPIRKDescriptors.m in Sources */ = {isa = PBXBuildFile; fileRef = 6DB609BD185488CE0094E37D /* CTFAPIRKDescriptors.m */; };
		6DB609C7185488CE0094E37D /* CTFLocalCredentials.m in Sources */ = {isa = PBXBuildFile; fileRef = 6DB609BF185488CE0094E37D /* CTFLocalCredentials.m */; };
		6DB609C8185488CE0094E37D /* CTFLocalCredentialsStore.m in Sources */ = {isa = PBXBuildFile; fileRef = 6DB609C1185488CE0094E37D /* CTFLocalCredentialsStore.m */; };
		6DB609E61854A11A0094E37D /* _CTFCharacter.m in Sources */ = {isa = PBXBuildFile; fileRef = 6DB609D21854A11A0094E37D /* _CTFCharacter.m */; };
		6DB609E71854A11A0094E37D /* _CTFGame.m in Sources */ = {isa = PBXBuildFile; fileRef = 6DB609D41854A11A0094E37D /* _CTFGame.m */; };
		6DB609E81854A11A0094E37D /* _CTFItem.m in Sources */ = {isa = PBXBuildFile; fileRef = 6DB609D61854A11A0094E37D /* _CTFItem.m */; };
		6DB609E91854A11A0094E37D /* _CTFSession.m in Sources */ = {isa = PBXBuildFile; fileRef = 6DB609D81854A11A0094E37D /* _CTFSession.m */; };
		6DB609EA1854A11A0094E37D /* _CTFUser.m in Sources */ = {isa = PBXBuildFile; fileRef = 6DB609DA1854A11A0094E37D /* _CTFUser.m */; };
		6DB609EB1854A11A0094E37D /* CTFCharacter.m in Sources */ = {isa = PBXBuildFile; fileRef = 6DB609DD1854A11A0094E37D /* CTFCharacter.m */; };
		6DB609EC1854A11A0094E37D /* CTFGame.m in Sources */ = {isa = PBXBuildFile; fileRef = 6DB609DF1854A11A0094E37D /* CTFGame.m */; };
		6DB609ED1854A11A0094E37D /* CTFItem.m in Sources */ = {isa = PBXBuildFile; fileRef = 6DB609E11854A11A0094E37D /* CTFItem.m */; };
		6DB609EE1854A11A0094E37D /* CTFSession.m in Sources */ = {isa = PBXBuildFile; fileRef = 6DB609E31854A11A0094E37D /* CTFSession.m */; };
		6DB609EF1854A11A0094E37D /* CTFUser.m in Sources */ = {isa = PBXBuildFile; fileRef = 6DB609E51854A11A0094E37D /* CTFUser.m */; };
		6DB7E7FF185628CB00FB83B0 /* CTFAPIRKDescriptorsTests.m in Sources */ = {isa = PBXBuildFile; fileRef = 6DB7E7FE185628CB00FB83B0 /* CTFAPIRKDescriptorsTests.m */; };
		6DE0FCCD182C030700800C09 /* CTFAPICredentials_Validator_Tests.m in Sources */ = {isa = PBXBuildFile; fileRef = 6DE0FCCC182C030700800C09 /* CTFAPICredentials_Validator_Tests.m */; };
		6DE0FCD0182C582300800C09 /* CTFLoginViewControllerTests.m in Sources */ = {isa = PBXBuildFile; fileRef = 6DE0FCCF182C582200800C09 /* CTFLoginViewControllerTests.m */; };
		6DE0FCD4182C5ABD00800C09 /* CTFRegisterViewControllerTests.m in Sources */ = {isa = PBXBuildFile; fileRef = 6DE0FCD3182C5ABD00800C09 /* CTFRegisterViewControllerTests.m */; };
		6DE9913C183AA00E005F3DB1 /* CoreDataService.m in Sources */ = {isa = PBXBuildFile; fileRef = 6DE9913B183AA00E005F3DB1 /* CoreDataService.m */; };
		6DE99141183AA128005F3DB1 /* CustomManagedObject.m in Sources */ = {isa = PBXBuildFile; fileRef = 6DE99140183AA128005F3DB1 /* CustomManagedObject.m */; };
		6DFD192C182ACF0C00542227 /* Foundation.framework in Frameworks */ = {isa = PBXBuildFile; fileRef = 6DFD192B182ACF0C00542227 /* Foundation.framework */; };
		6DFD192E182ACF0C00542227 /* CoreGraphics.framework in Frameworks */ = {isa = PBXBuildFile; fileRef = 6DFD192D182ACF0C00542227 /* CoreGraphics.framework */; };
		6DFD1930182ACF0C00542227 /* UIKit.framework in Frameworks */ = {isa = PBXBuildFile; fileRef = 6DFD192F182ACF0C00542227 /* UIKit.framework */; };
		6DFD1938182ACF0C00542227 /* main.m in Sources */ = {isa = PBXBuildFile; fileRef = 6DFD1937182ACF0C00542227 /* main.m */; };
		6DFD193C182ACF0C00542227 /* CTFAppDelegate.m in Sources */ = {isa = PBXBuildFile; fileRef = 6DFD193B182ACF0C00542227 /* CTFAppDelegate.m */; };
		6DFD1944182ACF0C00542227 /* Images.xcassets in Resources */ = {isa = PBXBuildFile; fileRef = 6DFD1943182ACF0C00542227 /* Images.xcassets */; };
		6DFD194B182ACF0D00542227 /* XCTest.framework in Frameworks */ = {isa = PBXBuildFile; fileRef = 6DFD194A182ACF0D00542227 /* XCTest.framework */; };
		6DFD194C182ACF0D00542227 /* Foundation.framework in Frameworks */ = {isa = PBXBuildFile; fileRef = 6DFD192B182ACF0C00542227 /* Foundation.framework */; };
		6DFD194D182ACF0D00542227 /* UIKit.framework in Frameworks */ = {isa = PBXBuildFile; fileRef = 6DFD192F182ACF0C00542227 /* UIKit.framework */; };
/* End PBXBuildFile section */

/* Begin PBXContainerItemProxy section */
		6DB609CE1854918B0094E37D /* PBXContainerItemProxy */ = {
			isa = PBXContainerItemProxy;
			containerPortal = 6DFD1920182ACF0C00542227 /* Project object */;
			proxyType = 1;
			remoteGlobalIDString = 6DB609C91854903C0094E37D;
			remoteInfo = Mogenerator;
		};
		6DFD194E182ACF0D00542227 /* PBXContainerItemProxy */ = {
			isa = PBXContainerItemProxy;
			containerPortal = 6DFD1920182ACF0C00542227 /* Project object */;
			proxyType = 1;
			remoteGlobalIDString = 6DFD1927182ACF0C00542227;
			remoteInfo = "Capture The Flag";
		};
/* End PBXContainerItemProxy section */

/* Begin PBXFileReference section */
		0575C0B261A543468AFC452D /* Pods/Pods.xcconfig */ = {isa = PBXFileReference; includeInIndex = 1; lastKnownFileType = text.xcconfig; path = Pods/Pods.xcconfig; sourceTree = SOURCE_ROOT; };
		6D071594184E59EF002C3023 /* MobileCoreServices.framework */ = {isa = PBXFileReference; lastKnownFileType = wrapper.framework; name = MobileCoreServices.framework; path = System/Library/Frameworks/MobileCoreServices.framework; sourceTree = SDKROOT; };
		6D0715B4184E8318002C3023 /* CTFSessionTests.m */ = {isa = PBXFileReference; fileEncoding = 4; lastKnownFileType = sourcecode.c.objc; path = CTFSessionTests.m; sourceTree = "<group>"; };
		6D0715BA184FCD35002C3023 /* user-response.json */ = {isa = PBXFileReference; fileEncoding = 4; lastKnownFileType = text.json; path = "user-response.json"; sourceTree = "<group>"; };
		6D0715CE18531651002C3023 /* character-response.json */ = {isa = PBXFileReference; fileEncoding = 4; lastKnownFileType = text.json; path = "character-response.json"; sourceTree = "<group>"; };
		6D0D8794184CF111002904AE /* CTFAPIConnectionTests.m */ = {isa = PBXFileReference; fileEncoding = 4; lastKnownFileType = sourcecode.c.objc; path = CTFAPIConnectionTests.m; sourceTree = "<group>"; };
		6D0D8796184CF3FD002904AE /* CTFAPIAccountsTests.m */ = {isa = PBXFileReference; fileEncoding = 4; lastKnownFileType = sourcecode.c.objc; path = CTFAPIAccountsTests.m; sourceTree = "<group>"; };
		6D0D8799184D26BC002904AE /* STKeychain.h */ = {isa = PBXFileReference; fileEncoding = 4; lastKnownFileType = sourcecode.c.h; path = STKeychain.h; sourceTree = "<group>"; };
		6D0D879A184D26BC002904AE /* STKeychain.m */ = {isa = PBXFileReference; fileEncoding = 4; lastKnownFileType = sourcecode.c.objc; path = STKeychain.m; sourceTree = "<group>"; };
		6D0D87A2184D2FB5002904AE /* CTFLocalCredentialsTests.m */ = {isa = PBXFileReference; fileEncoding = 4; lastKnownFileType = sourcecode.c.objc; path = CTFLocalCredentialsTests.m; sourceTree = "<group>"; };
		6D0D87A4184D324C002904AE /* Security.framework */ = {isa = PBXFileReference; lastKnownFileType = wrapper.framework; name = Security.framework; path = System/Library/Frameworks/Security.framework; sourceTree = SDKROOT; };
		6D0D87A6184D3266002904AE /* CoreFoundation.framework */ = {isa = PBXFileReference; lastKnownFileType = wrapper.framework; name = CoreFoundation.framework; path = System/Library/Frameworks/CoreFoundation.framework; sourceTree = SDKROOT; };
		6D0D87A8184D32AD002904AE /* SystemConfiguration.framework */ = {isa = PBXFileReference; lastKnownFileType = wrapper.framework; name = SystemConfiguration.framework; path = System/Library/Frameworks/SystemConfiguration.framework; sourceTree = SDKROOT; };
		6D0D87AA184D3488002904AE /* CTFLocalCredentialsStoreTests.m */ = {isa = PBXFileReference; fileEncoding = 4; lastKnownFileType = sourcecode.c.objc; path = CTFLocalCredentialsStoreTests.m; sourceTree = "<group>"; };
		6D1825D6184A36120039FD92 /* CTFAPICredentialsTests.m */ = {isa = PBXFileReference; fileEncoding = 4; lastKnownFileType = sourcecode.c.objc; path = CTFAPICredentialsTests.m; sourceTree = "<group>"; };
		6D6DF20E182B8B59004A4D58 /* en */ = {isa = PBXFileReference; lastKnownFileType = text.plist.strings; name = en; path = en.lproj/Localizable.strings; sourceTree = "<group>"; };
		6D6DF210182B8B76004A4D58 /* pl */ = {isa = PBXFileReference; lastKnownFileType = text.plist.strings; name = pl; path = pl.lproj/Localizable.strings; sourceTree = "<group>"; };
		6D9BE0861854AF320036172C /* libPods.a */ = {isa = PBXFileReference; lastKnownFileType = archive.ar; name = libPods.a; path = "Pods/build/Debug-iphoneos/libPods.a"; sourceTree = "<group>"; };
		6D9BE0881854AF870036172C /* LoginAndRegister.storyboard */ = {isa = PBXFileReference; fileEncoding = 4; lastKnownFileType = file.storyboard; path = LoginAndRegister.storyboard; sourceTree = "<group>"; };
		6D9BE0891854AF870036172C /* Main.storyboard */ = {isa = PBXFileReference; fileEncoding = 4; lastKnownFileType = file.storyboard; path = Main.storyboard; sourceTree = "<group>"; };
		6D9CBE69183AB4BB000FE071 /* CTFMainViewControllerTests.m */ = {isa = PBXFileReference; fileEncoding = 4; lastKnownFileType = sourcecode.c.objc; path = CTFMainViewControllerTests.m; sourceTree = "<group>"; };
		6DB609A6185488870094E37D /* CTFLoginViewController.h */ = {isa = PBXFileReference; fileEncoding = 4; lastKnownFileType = sourcecode.c.h; path = CTFLoginViewController.h; sourceTree = "<group>"; };
		6DB609A7185488870094E37D /* CTFLoginViewController.m */ = {isa = PBXFileReference; fileEncoding = 4; lastKnownFileType = sourcecode.c.objc; path = CTFLoginViewController.m; sourceTree = "<group>"; };
		6DB609A8185488870094E37D /* CTFMainViewController.h */ = {isa = PBXFileReference; fileEncoding = 4; lastKnownFileType = sourcecode.c.h; path = CTFMainViewController.h; sourceTree = "<group>"; };
		6DB609A9185488870094E37D /* CTFMainViewController.m */ = {isa = PBXFileReference; fileEncoding = 4; lastKnownFileType = sourcecode.c.objc; path = CTFMainViewController.m; sourceTree = "<group>"; };
		6DB609AA185488870094E37D /* CTFRegisterViewController.h */ = {isa = PBXFileReference; fileEncoding = 4; lastKnownFileType = sourcecode.c.h; path = CTFRegisterViewController.h; sourceTree = "<group>"; };
		6DB609AB185488870094E37D /* CTFRegisterViewController.m */ = {isa = PBXFileReference; fileEncoding = 4; lastKnownFileType = sourcecode.c.objc; path = CTFRegisterViewController.m; sourceTree = "<group>"; };
		6DB609AC185488870094E37D /* CTFViewController.h */ = {isa = PBXFileReference; fileEncoding = 4; lastKnownFileType = sourcecode.c.h; path = CTFViewController.h; sourceTree = "<group>"; };
		6DB609AD185488870094E37D /* CTFViewController.m */ = {isa = PBXFileReference; fileEncoding = 4; lastKnownFileType = sourcecode.c.objc; path = CTFViewController.m; sourceTree = "<group>"; };
		6DB609AE185488870094E37D /* CTFViewControllerProtocol.h */ = {isa = PBXFileReference; fileEncoding = 4; lastKnownFileType = sourcecode.c.h; path = CTFViewControllerProtocol.h; sourceTree = "<group>"; };
		6DB609B4185488CE0094E37D /* CTFAPIAccounts.h */ = {isa = PBXFileReference; fileEncoding = 4; lastKnownFileType = sourcecode.c.h; path = CTFAPIAccounts.h; sourceTree = "<group>"; };
		6DB609B5185488CE0094E37D /* CTFAPIAccounts.m */ = {isa = PBXFileReference; fileEncoding = 4; lastKnownFileType = sourcecode.c.objc; path = CTFAPIAccounts.m; sourceTree = "<group>"; };
		6DB609B6185488CE0094E37D /* CTFAPIConnection.h */ = {isa = PBXFileReference; fileEncoding = 4; lastKnownFileType = sourcecode.c.h; path = CTFAPIConnection.h; sourceTree = "<group>"; };
		6DB609B7185488CE0094E37D /* CTFAPIConnection.m */ = {isa = PBXFileReference; fileEncoding = 4; lastKnownFileType = sourcecode.c.objc; path = CTFAPIConnection.m; sourceTree = "<group>"; };
		6DB609B8185488CE0094E37D /* CTFAPICredentials.h */ = {isa = PBXFileReference; fileEncoding = 4; lastKnownFileType = sourcecode.c.h; path = CTFAPICredentials.h; sourceTree = "<group>"; };
		6DB609B9185488CE0094E37D /* CTFAPICredentials.m */ = {isa = PBXFileReference; fileEncoding = 4; lastKnownFileType = sourcecode.c.objc; path = CTFAPICredentials.m; sourceTree = "<group>"; };
		6DB609BA185488CE0094E37D /* CTFAPICredentials+Validator.h */ = {isa = PBXFileReference; fileEncoding = 4; lastKnownFileType = sourcecode.c.h; path = "CTFAPICredentials+Validator.h"; sourceTree = "<group>"; };
		6DB609BB185488CE0094E37D /* CTFAPICredentials+Validator.m */ = {isa = PBXFileReference; fileEncoding = 4; lastKnownFileType = sourcecode.c.objc; path = "CTFAPICredentials+Validator.m"; sourceTree = "<group>"; };
		6DB609BC185488CE0094E37D /* CTFAPIRKDescriptors.h */ = {isa = PBXFileReference; fileEncoding = 4; lastKnownFileType = sourcecode.c.h; path = CTFAPIRKDescriptors.h; sourceTree = "<group>"; };
		6DB609BD185488CE0094E37D /* CTFAPIRKDescriptors.m */ = {isa = PBXFileReference; fileEncoding = 4; lastKnownFileType = sourcecode.c.objc; path = CTFAPIRKDescriptors.m; sourceTree = "<group>"; };
		6DB609BE185488CE0094E37D /* CTFLocalCredentials.h */ = {isa = PBXFileReference; fileEncoding = 4; lastKnownFileType = sourcecode.c.h; path = CTFLocalCredentials.h; sourceTree = "<group>"; };
		6DB609BF185488CE0094E37D /* CTFLocalCredentials.m */ = {isa = PBXFileReference; fileEncoding = 4; lastKnownFileType = sourcecode.c.objc; path = CTFLocalCredentials.m; sourceTree = "<group>"; };
		6DB609C0185488CE0094E37D /* CTFLocalCredentialsStore.h */ = {isa = PBXFileReference; fileEncoding = 4; lastKnownFileType = sourcecode.c.h; path = CTFLocalCredentialsStore.h; sourceTree = "<group>"; };
		6DB609C1185488CE0094E37D /* CTFLocalCredentialsStore.m */ = {isa = PBXFileReference; fileEncoding = 4; lastKnownFileType = sourcecode.c.objc; path = CTFLocalCredentialsStore.m; sourceTree = "<group>"; };
		6DB609D11854A11A0094E37D /* _CTFCharacter.h */ = {isa = PBXFileReference; fileEncoding = 4; lastKnownFileType = sourcecode.c.h; path = _CTFCharacter.h; sourceTree = "<group>"; };
		6DB609D21854A11A0094E37D /* _CTFCharacter.m */ = {isa = PBXFileReference; fileEncoding = 4; lastKnownFileType = sourcecode.c.objc; path = _CTFCharacter.m; sourceTree = "<group>"; };
		6DB609D31854A11A0094E37D /* _CTFGame.h */ = {isa = PBXFileReference; fileEncoding = 4; lastKnownFileType = sourcecode.c.h; path = _CTFGame.h; sourceTree = "<group>"; };
		6DB609D41854A11A0094E37D /* _CTFGame.m */ = {isa = PBXFileReference; fileEncoding = 4; lastKnownFileType = sourcecode.c.objc; path = _CTFGame.m; sourceTree = "<group>"; };
		6DB609D51854A11A0094E37D /* _CTFItem.h */ = {isa = PBXFileReference; fileEncoding = 4; lastKnownFileType = sourcecode.c.h; path = _CTFItem.h; sourceTree = "<group>"; };
		6DB609D61854A11A0094E37D /* _CTFItem.m */ = {isa = PBXFileReference; fileEncoding = 4; lastKnownFileType = sourcecode.c.objc; path = _CTFItem.m; sourceTree = "<group>"; };
		6DB609D71854A11A0094E37D /* _CTFSession.h */ = {isa = PBXFileReference; fileEncoding = 4; lastKnownFileType = sourcecode.c.h; path = _CTFSession.h; sourceTree = "<group>"; };
		6DB609D81854A11A0094E37D /* _CTFSession.m */ = {isa = PBXFileReference; fileEncoding = 4; lastKnownFileType = sourcecode.c.objc; path = _CTFSession.m; sourceTree = "<group>"; };
		6DB609D91854A11A0094E37D /* _CTFUser.h */ = {isa = PBXFileReference; fileEncoding = 4; lastKnownFileType = sourcecode.c.h; path = _CTFUser.h; sourceTree = "<group>"; };
		6DB609DA1854A11A0094E37D /* _CTFUser.m */ = {isa = PBXFileReference; fileEncoding = 4; lastKnownFileType = sourcecode.c.objc; path = _CTFUser.m; sourceTree = "<group>"; };
		6DB609DC1854A11A0094E37D /* CTFCharacter.h */ = {isa = PBXFileReference; fileEncoding = 4; lastKnownFileType = sourcecode.c.h; path = CTFCharacter.h; sourceTree = "<group>"; };
		6DB609DD1854A11A0094E37D /* CTFCharacter.m */ = {isa = PBXFileReference; fileEncoding = 4; lastKnownFileType = sourcecode.c.objc; path = CTFCharacter.m; sourceTree = "<group>"; };
		6DB609DE1854A11A0094E37D /* CTFGame.h */ = {isa = PBXFileReference; fileEncoding = 4; lastKnownFileType = sourcecode.c.h; path = CTFGame.h; sourceTree = "<group>"; };
		6DB609DF1854A11A0094E37D /* CTFGame.m */ = {isa = PBXFileReference; fileEncoding = 4; lastKnownFileType = sourcecode.c.objc; path = CTFGame.m; sourceTree = "<group>"; };
		6DB609E01854A11A0094E37D /* CTFItem.h */ = {isa = PBXFileReference; fileEncoding = 4; lastKnownFileType = sourcecode.c.h; path = CTFItem.h; sourceTree = "<group>"; };
		6DB609E11854A11A0094E37D /* CTFItem.m */ = {isa = PBXFileReference; fileEncoding = 4; lastKnownFileType = sourcecode.c.objc; path = CTFItem.m; sourceTree = "<group>"; };
		6DB609E21854A11A0094E37D /* CTFSession.h */ = {isa = PBXFileReference; fileEncoding = 4; lastKnownFileType = sourcecode.c.h; path = CTFSession.h; sourceTree = "<group>"; };
		6DB609E31854A11A0094E37D /* CTFSession.m */ = {isa = PBXFileReference; fileEncoding = 4; lastKnownFileType = sourcecode.c.objc; path = CTFSession.m; sourceTree = "<group>"; };
		6DB609E41854A11A0094E37D /* CTFUser.h */ = {isa = PBXFileReference; fileEncoding = 4; lastKnownFileType = sourcecode.c.h; path = CTFUser.h; sourceTree = "<group>"; };
		6DB609E51854A11A0094E37D /* CTFUser.m */ = {isa = PBXFileReference; fileEncoding = 4; lastKnownFileType = sourcecode.c.objc; path = CTFUser.m; sourceTree = "<group>"; };
		6DB7E7FE185628CB00FB83B0 /* CTFAPIRKDescriptorsTests.m */ = {isa = PBXFileReference; fileEncoding = 4; lastKnownFileType = sourcecode.c.objc; path = CTFAPIRKDescriptorsTests.m; sourceTree = "<group>"; };
		6DE0FCCC182C030700800C09 /* CTFAPICredentials_Validator_Tests.m */ = {isa = PBXFileReference; fileEncoding = 4; lastKnownFileType = sourcecode.c.objc; path = CTFAPICredentials_Validator_Tests.m; sourceTree = "<group>"; };
		6DE0FCCF182C582200800C09 /* CTFLoginViewControllerTests.m */ = {isa = PBXFileReference; fileEncoding = 4; lastKnownFileType = sourcecode.c.objc; path = CTFLoginViewControllerTests.m; sourceTree = "<group>"; };
		6DE0FCD3182C5ABD00800C09 /* CTFRegisterViewControllerTests.m */ = {isa = PBXFileReference; fileEncoding = 4; lastKnownFileType = sourcecode.c.objc; path = CTFRegisterViewControllerTests.m; sourceTree = "<group>"; };
		6DE99138183A9F9E005F3DB1 /* Model.xcdatamodel */ = {isa = PBXFileReference; lastKnownFileType = wrapper.xcdatamodel; path = Model.xcdatamodel; sourceTree = "<group>"; };
		6DE9913A183AA00E005F3DB1 /* CoreDataService.h */ = {isa = PBXFileReference; fileEncoding = 4; lastKnownFileType = sourcecode.c.h; path = CoreDataService.h; sourceTree = "<group>"; };
		6DE9913B183AA00E005F3DB1 /* CoreDataService.m */ = {isa = PBXFileReference; fileEncoding = 4; lastKnownFileType = sourcecode.c.objc; path = CoreDataService.m; sourceTree = "<group>"; };
		6DE9913F183AA128005F3DB1 /* CustomManagedObject.h */ = {isa = PBXFileReference; fileEncoding = 4; lastKnownFileType = sourcecode.c.h; path = CustomManagedObject.h; sourceTree = "<group>"; };
		6DE99140183AA128005F3DB1 /* CustomManagedObject.m */ = {isa = PBXFileReference; fileEncoding = 4; lastKnownFileType = sourcecode.c.objc; path = CustomManagedObject.m; sourceTree = "<group>"; };
		6DFD1928182ACF0C00542227 /* Capture The Flag.app */ = {isa = PBXFileReference; explicitFileType = wrapper.application; includeInIndex = 0; path = "Capture The Flag.app"; sourceTree = BUILT_PRODUCTS_DIR; };
		6DFD192B182ACF0C00542227 /* Foundation.framework */ = {isa = PBXFileReference; lastKnownFileType = wrapper.framework; name = Foundation.framework; path = System/Library/Frameworks/Foundation.framework; sourceTree = SDKROOT; };
		6DFD192D182ACF0C00542227 /* CoreGraphics.framework */ = {isa = PBXFileReference; lastKnownFileType = wrapper.framework; name = CoreGraphics.framework; path = System/Library/Frameworks/CoreGraphics.framework; sourceTree = SDKROOT; };
		6DFD192F182ACF0C00542227 /* UIKit.framework */ = {isa = PBXFileReference; lastKnownFileType = wrapper.framework; name = UIKit.framework; path = System/Library/Frameworks/UIKit.framework; sourceTree = SDKROOT; };
		6DFD1933182ACF0C00542227 /* Capture The Flag-Info.plist */ = {isa = PBXFileReference; fileEncoding = 4; lastKnownFileType = text.plist.xml; path = "Capture The Flag-Info.plist"; sourceTree = "<group>"; };
		6DFD1935182ACF0C00542227 /* en */ = {isa = PBXFileReference; lastKnownFileType = text.plist.strings; name = en; path = en.lproj/InfoPlist.strings; sourceTree = "<group>"; };
		6DFD1937182ACF0C00542227 /* main.m */ = {isa = PBXFileReference; lastKnownFileType = sourcecode.c.objc; path = main.m; sourceTree = "<group>"; };
		6DFD1939182ACF0C00542227 /* Capture The Flag-Prefix.pch */ = {isa = PBXFileReference; lastKnownFileType = sourcecode.c.h; path = "Capture The Flag-Prefix.pch"; sourceTree = "<group>"; };
		6DFD193A182ACF0C00542227 /* CTFAppDelegate.h */ = {isa = PBXFileReference; lastKnownFileType = sourcecode.c.h; path = CTFAppDelegate.h; sourceTree = "<group>"; };
		6DFD193B182ACF0C00542227 /* CTFAppDelegate.m */ = {isa = PBXFileReference; lastKnownFileType = sourcecode.c.objc; path = CTFAppDelegate.m; sourceTree = "<group>"; };
		6DFD1943182ACF0C00542227 /* Images.xcassets */ = {isa = PBXFileReference; lastKnownFileType = folder.assetcatalog; path = Images.xcassets; sourceTree = "<group>"; };
		6DFD1949182ACF0D00542227 /* Capture The FlagTests.xctest */ = {isa = PBXFileReference; explicitFileType = wrapper.cfbundle; includeInIndex = 0; path = "Capture The FlagTests.xctest"; sourceTree = BUILT_PRODUCTS_DIR; };
		6DFD194A182ACF0D00542227 /* XCTest.framework */ = {isa = PBXFileReference; lastKnownFileType = wrapper.framework; name = XCTest.framework; path = Library/Frameworks/XCTest.framework; sourceTree = DEVELOPER_DIR; };
		6DFD1952182ACF0D00542227 /* Capture The FlagTests-Info.plist */ = {isa = PBXFileReference; lastKnownFileType = text.plist.xml; path = "Capture The FlagTests-Info.plist"; sourceTree = "<group>"; };
		6DFD1954182ACF0D00542227 /* en */ = {isa = PBXFileReference; lastKnownFileType = text.plist.strings; name = en; path = en.lproj/InfoPlist.strings; sourceTree = "<group>"; };
/* End PBXFileReference section */

/* Begin PBXFrameworksBuildPhase section */
		6DFD1925182ACF0C00542227 /* Frameworks */ = {
			isa = PBXFrameworksBuildPhase;
			buildActionMask = 2147483647;
			files = (
				6D9BE0871854AF320036172C /* libPods.a in Frameworks */,
				6D071595184E59EF002C3023 /* MobileCoreServices.framework in Frameworks */,
				6D071593184E59B8002C3023 /* SystemConfiguration.framework in Frameworks */,
				6D0D87A5184D324C002904AE /* Security.framework in Frameworks */,
				6DFD192E182ACF0C00542227 /* CoreGraphics.framework in Frameworks */,
				6DFD1930182ACF0C00542227 /* UIKit.framework in Frameworks */,
				6DFD192C182ACF0C00542227 /* Foundation.framework in Frameworks */,
			);
			runOnlyForDeploymentPostprocessing = 0;
		};
		6DFD1946182ACF0D00542227 /* Frameworks */ = {
			isa = PBXFrameworksBuildPhase;
			buildActionMask = 2147483647;
			files = (
				6DFD194B182ACF0D00542227 /* XCTest.framework in Frameworks */,
				6DFD194D182ACF0D00542227 /* UIKit.framework in Frameworks */,
				6DFD194C182ACF0D00542227 /* Foundation.framework in Frameworks */,
			);
			runOnlyForDeploymentPostprocessing = 0;
		};
/* End PBXFrameworksBuildPhase section */

/* Begin PBXGroup section */
		6D0715CD1853153E002C3023 /* Fixtures */ = {
			isa = PBXGroup;
			children = (
				6D0715BA184FCD35002C3023 /* user-response.json */,
				6D0715CE18531651002C3023 /* character-response.json */,
			);
			name = Fixtures;
			sourceTree = "<group>";
		};
		6D0D8798184D26AF002904AE /* Utils */ = {
			isa = PBXGroup;
			children = (
				6D0D8799184D26BC002904AE /* STKeychain.h */,
				6D0D879A184D26BC002904AE /* STKeychain.m */,
			);
			path = Utils;
			sourceTree = "<group>";
		};
		6D163E5F183BF62100BC4F84 /* Model */ = {
			isa = PBXGroup;
			children = (
				6D0715B4184E8318002C3023 /* CTFSessionTests.m */,
			);
			name = Model;
			sourceTree = "<group>";
		};
		6D1825DB184A4A2A0039FD92 /* API */ = {
			isa = PBXGroup;
			children = (
				6D0D8796184CF3FD002904AE /* CTFAPIAccountsTests.m */,
				6D0D8794184CF111002904AE /* CTFAPIConnectionTests.m */,
				6D1825D6184A36120039FD92 /* CTFAPICredentialsTests.m */,
				6DE0FCCC182C030700800C09 /* CTFAPICredentials_Validator_Tests.m */,
				6DB7E7FE185628CB00FB83B0 /* CTFAPIRKDescriptorsTests.m */,
				6D0D87A2184D2FB5002904AE /* CTFLocalCredentialsTests.m */,
				6D0D87AA184D3488002904AE /* CTFLocalCredentialsStoreTests.m */,
			);
			name = API;
			sourceTree = "<group>";
		};
		6D54EBA9182EB05E002A6357 /* UI Tests */ = {
			isa = PBXGroup;
			children = (
				6DE0FCCF182C582200800C09 /* CTFLoginViewControllerTests.m */,
				6DE0FCD3182C5ABD00800C09 /* CTFRegisterViewControllerTests.m */,
				6D9CBE69183AB4BB000FE071 /* CTFMainViewControllerTests.m */,
			);
			name = "UI Tests";
			sourceTree = "<group>";
		};
		6D54EBB7182EB657002A6357 /* API */ = {
			isa = PBXGroup;
			children = (
				6DB609B4185488CE0094E37D /* CTFAPIAccounts.h */,
				6DB609B5185488CE0094E37D /* CTFAPIAccounts.m */,
				6DB609B6185488CE0094E37D /* CTFAPIConnection.h */,
				6DB609B7185488CE0094E37D /* CTFAPIConnection.m */,
				6DB609B8185488CE0094E37D /* CTFAPICredentials.h */,
				6DB609B9185488CE0094E37D /* CTFAPICredentials.m */,
				6DB609BA185488CE0094E37D /* CTFAPICredentials+Validator.h */,
				6DB609BB185488CE0094E37D /* CTFAPICredentials+Validator.m */,
				6DB609BC185488CE0094E37D /* CTFAPIRKDescriptors.h */,
				6DB609BD185488CE0094E37D /* CTFAPIRKDescriptors.m */,
				6DB609BE185488CE0094E37D /* CTFLocalCredentials.h */,
				6DB609BF185488CE0094E37D /* CTFLocalCredentials.m */,
				6DB609C0185488CE0094E37D /* CTFLocalCredentialsStore.h */,
				6DB609C1185488CE0094E37D /* CTFLocalCredentialsStore.m */,
			);
			path = API;
			sourceTree = "<group>";
		};
		6DB609A51854886A0094E37D /* Controllers */ = {
			isa = PBXGroup;
			children = (
				6DB609AC185488870094E37D /* CTFViewController.h */,
				6DB609AD185488870094E37D /* CTFViewController.m */,
				6DB609AE185488870094E37D /* CTFViewControllerProtocol.h */,
				6DB609B3185488960094E37D /* Storyboards */,
				6DB609A8185488870094E37D /* CTFMainViewController.h */,
				6DB609A9185488870094E37D /* CTFMainViewController.m */,
				6DB609A6185488870094E37D /* CTFLoginViewController.h */,
				6DB609A7185488870094E37D /* CTFLoginViewController.m */,
				6DB609AA185488870094E37D /* CTFRegisterViewController.h */,
				6DB609AB185488870094E37D /* CTFRegisterViewController.m */,
			);
			name = Controllers;
			path = "Controllers ";
			sourceTree = "<group>";
		};
		6DB609B3185488960094E37D /* Storyboards */ = {
			isa = PBXGroup;
			children = (
				6D9BE0881854AF870036172C /* LoginAndRegister.storyboard */,
				6D9BE0891854AF870036172C /* Main.storyboard */,
			);
			name = Storyboards;
			sourceTree = "<group>";
		};
		6DB609D01854A11A0094E37D /* _Private (Mogenerator) */ = {
			isa = PBXGroup;
			children = (
				6DB609D11854A11A0094E37D /* _CTFCharacter.h */,
				6DB609D21854A11A0094E37D /* _CTFCharacter.m */,
				6DB609D31854A11A0094E37D /* _CTFGame.h */,
				6DB609D41854A11A0094E37D /* _CTFGame.m */,
				6DB609D51854A11A0094E37D /* _CTFItem.h */,
				6DB609D61854A11A0094E37D /* _CTFItem.m */,
				6DB609D71854A11A0094E37D /* _CTFSession.h */,
				6DB609D81854A11A0094E37D /* _CTFSession.m */,
				6DB609D91854A11A0094E37D /* _CTFUser.h */,
				6DB609DA1854A11A0094E37D /* _CTFUser.m */,
			);
			name = "_Private (Mogenerator)";
			path = Private;
			sourceTree = "<group>";
		};
		6DB609DB1854A11A0094E37D /* Public */ = {
			isa = PBXGroup;
			children = (
				6DB609DC1854A11A0094E37D /* CTFCharacter.h */,
				6DB609DD1854A11A0094E37D /* CTFCharacter.m */,
				6DB609DE1854A11A0094E37D /* CTFGame.h */,
				6DB609DF1854A11A0094E37D /* CTFGame.m */,
				6DB609E01854A11A0094E37D /* CTFItem.h */,
				6DB609E11854A11A0094E37D /* CTFItem.m */,
				6DB609E21854A11A0094E37D /* CTFSession.h */,
				6DB609E31854A11A0094E37D /* CTFSession.m */,
				6DB609E41854A11A0094E37D /* CTFUser.h */,
				6DB609E51854A11A0094E37D /* CTFUser.m */,
			);
			path = Public;
			sourceTree = "<group>";
		};
		6DE99127183A99D5005F3DB1 /* Model */ = {
			isa = PBXGroup;
			children = (
				6DE99137183A9F9E005F3DB1 /* Model.xcdatamodeld */,
				6DE9913A183AA00E005F3DB1 /* CoreDataService.h */,
				6DE9913B183AA00E005F3DB1 /* CoreDataService.m */,
				6DE9913F183AA128005F3DB1 /* CustomManagedObject.h */,
				6DE99140183AA128005F3DB1 /* CustomManagedObject.m */,
				6DB609DB1854A11A0094E37D /* Public */,
				6DB609D01854A11A0094E37D /* _Private (Mogenerator) */,
			);
			path = Model;
			sourceTree = "<group>";
		};
		6DFD191F182ACF0C00542227 = {
			isa = PBXGroup;
			children = (
				6DFD1931182ACF0C00542227 /* Capture The Flag */,
				6DFD1950182ACF0D00542227 /* Capture The FlagTests */,
				6DFD192A182ACF0C00542227 /* Frameworks */,
				6DFD1929182ACF0C00542227 /* Products */,
				0575C0B261A543468AFC452D /* Pods/Pods.xcconfig */,
			);
			sourceTree = "<group>";
		};
		6DFD1929182ACF0C00542227 /* Products */ = {
			isa = PBXGroup;
			children = (
				6DFD1928182ACF0C00542227 /* Capture The Flag.app */,
				6DFD1949182ACF0D00542227 /* Capture The FlagTests.xctest */,
			);
			name = Products;
			sourceTree = "<group>";
		};
		6DFD192A182ACF0C00542227 /* Frameworks */ = {
			isa = PBXGroup;
			children = (
				6D9BE0861854AF320036172C /* libPods.a */,
				6D071594184E59EF002C3023 /* MobileCoreServices.framework */,
				6D0D87A8184D32AD002904AE /* SystemConfiguration.framework */,
				6D0D87A6184D3266002904AE /* CoreFoundation.framework */,
				6D0D87A4184D324C002904AE /* Security.framework */,
				6DFD192B182ACF0C00542227 /* Foundation.framework */,
				6DFD192D182ACF0C00542227 /* CoreGraphics.framework */,
				6DFD192F182ACF0C00542227 /* UIKit.framework */,
				6DFD194A182ACF0D00542227 /* XCTest.framework */,
			);
			name = Frameworks;
			sourceTree = "<group>";
		};
		6DFD1931182ACF0C00542227 /* Capture The Flag */ = {
			isa = PBXGroup;
			children = (
				6DFD193A182ACF0C00542227 /* CTFAppDelegate.h */,
				6DFD193B182ACF0C00542227 /* CTFAppDelegate.m */,
				6DB609A51854886A0094E37D /* Controllers */,
				6D54EBB7182EB657002A6357 /* API */,
				6DE99127183A99D5005F3DB1 /* Model */,
				6D0D8798184D26AF002904AE /* Utils */,
				6DFD1932182ACF0C00542227 /* Supporting Files */,
				6DFD1943182ACF0C00542227 /* Images.xcassets */,
			);
			path = "Capture The Flag";
			sourceTree = "<group>";
		};
		6DFD1932182ACF0C00542227 /* Supporting Files */ = {
			isa = PBXGroup;
			children = (
				6D6DF20D182B8B59004A4D58 /* Localizable.strings */,
				6DFD1933182ACF0C00542227 /* Capture The Flag-Info.plist */,
				6DFD1934182ACF0C00542227 /* InfoPlist.strings */,
				6DFD1937182ACF0C00542227 /* main.m */,
				6DFD1939182ACF0C00542227 /* Capture The Flag-Prefix.pch */,
			);
			name = "Supporting Files";
			sourceTree = "<group>";
		};
		6DFD1950182ACF0D00542227 /* Capture The FlagTests */ = {
			isa = PBXGroup;
			children = (
				6D0715CD1853153E002C3023 /* Fixtures */,
				6D1825DB184A4A2A0039FD92 /* API */,
				6D163E5F183BF62100BC4F84 /* Model */,
				6D54EBA9182EB05E002A6357 /* UI Tests */,
				6DFD1951182ACF0D00542227 /* Supporting Files */,
			);
			path = "Capture The FlagTests";
			sourceTree = "<group>";
		};
		6DFD1951182ACF0D00542227 /* Supporting Files */ = {
			isa = PBXGroup;
			children = (
				6DFD1952182ACF0D00542227 /* Capture The FlagTests-Info.plist */,
				6DFD1953182ACF0D00542227 /* InfoPlist.strings */,
			);
			name = "Supporting Files";
			sourceTree = "<group>";
		};
/* End PBXGroup section */

/* Begin PBXNativeTarget section */
		6DFD1927182ACF0C00542227 /* Capture The Flag */ = {
			isa = PBXNativeTarget;
			buildConfigurationList = 6DFD195A182ACF0D00542227 /* Build configuration list for PBXNativeTarget "Capture The Flag" */;
			buildPhases = (
				ECCB454807C544849B2611D8 /* Check Pods Manifest.lock */,
				6DFD1924182ACF0C00542227 /* Sources */,
				6DFD1925182ACF0C00542227 /* Frameworks */,
				6DFD1926182ACF0C00542227 /* Resources */,
				8BAF7CF2DD98416381884FD7 /* Copy Pods Resources */,
			);
			buildRules = (
			);
			dependencies = (
				6DB609CF1854918B0094E37D /* PBXTargetDependency */,
			);
			name = "Capture The Flag";
			productName = "Capture The Flag";
			productReference = 6DFD1928182ACF0C00542227 /* Capture The Flag.app */;
			productType = "com.apple.product-type.application";
		};
		6DFD1948182ACF0D00542227 /* Capture The FlagTests */ = {
			isa = PBXNativeTarget;
			buildConfigurationList = 6DFD195D182ACF0D00542227 /* Build configuration list for PBXNativeTarget "Capture The FlagTests" */;
			buildPhases = (
				7C20C11204714DBBB786253C /* Check Pods Manifest.lock */,
				6DFD1945182ACF0D00542227 /* Sources */,
				6DFD1946182ACF0D00542227 /* Frameworks */,
				6DFD1947182ACF0D00542227 /* Resources */,
				CC37D945069844ACB81747CB /* Copy Pods Resources */,
			);
			buildRules = (
			);
			dependencies = (
				6DFD194F182ACF0D00542227 /* PBXTargetDependency */,
			);
			name = "Capture The FlagTests";
			productName = "Capture The FlagTests";
			productReference = 6DFD1949182ACF0D00542227 /* Capture The FlagTests.xctest */;
			productType = "com.apple.product-type.bundle.unit-test";
		};
/* End PBXNativeTarget section */

/* Begin PBXProject section */
		6DFD1920182ACF0C00542227 /* Project object */ = {
			isa = PBXProject;
			attributes = {
				CLASSPREFIX = CTF;
				LastUpgradeCheck = 0500;
				ORGANIZATIONNAME = "Tomasz Szulc";
				TargetAttributes = {
					6DFD1948182ACF0D00542227 = {
						TestTargetID = 6DFD1927182ACF0C00542227;
					};
				};
			};
			buildConfigurationList = 6DFD1923182ACF0C00542227 /* Build configuration list for PBXProject "Capture The Flag" */;
			compatibilityVersion = "Xcode 3.2";
			developmentRegion = English;
			hasScannedForEncodings = 0;
			knownRegions = (
				en,
				Base,
				pl,
			);
			mainGroup = 6DFD191F182ACF0C00542227;
			productRefGroup = 6DFD1929182ACF0C00542227 /* Products */;
			projectDirPath = "";
			projectRoot = "";
			targets = (
				6DFD1927182ACF0C00542227 /* Capture The Flag */,
				6DFD1948182ACF0D00542227 /* Capture The FlagTests */,
				6DB609C91854903C0094E37D /* Mogenerator */,
			);
		};
/* End PBXProject section */

/* Begin PBXResourcesBuildPhase section */
		6DFD1926182ACF0C00542227 /* Resources */ = {
			isa = PBXResourcesBuildPhase;
			buildActionMask = 2147483647;
			files = (
				6D9BE08A1854AF870036172C /* LoginAndRegister.storyboard in Resources */,
				6DFD1944182ACF0C00542227 /* Images.xcassets in Resources */,
				6D6DF20F182B8B59004A4D58 /* Localizable.strings in Resources */,
				6D9BE08B1854AF870036172C /* Main.storyboard in Resources */,
			);
			runOnlyForDeploymentPostprocessing = 0;
		};
		6DFD1947182ACF0D00542227 /* Resources */ = {
			isa = PBXResourcesBuildPhase;
			buildActionMask = 2147483647;
			files = (
				6D0715CF18531651002C3023 /* character-response.json in Resources */,
				6D0715BB184FCD35002C3023 /* user-response.json in Resources */,
			);
			runOnlyForDeploymentPostprocessing = 0;
		};
/* End PBXResourcesBuildPhase section */

/* Begin PBXShellScriptBuildPhase section */
		6DB609CD185490650094E37D /* ShellScript */ = {
			isa = PBXShellScriptBuildPhase;
			buildActionMask = 2147483647;
			files = (
			);
			inputPaths = (
			);
			outputPaths = (
			);
			runOnlyForDeploymentPostprocessing = 0;
			shellPath = /bin/sh;
			shellScript = ./mogenerator.sh;
		};
		7C20C11204714DBBB786253C /* Check Pods Manifest.lock */ = {
			isa = PBXShellScriptBuildPhase;
			buildActionMask = 2147483647;
			files = (
			);
			inputPaths = (
			);
			name = "Check Pods Manifest.lock";
			outputPaths = (
			);
			runOnlyForDeploymentPostprocessing = 0;
			shellPath = /bin/sh;
			shellScript = "diff \"${PODS_ROOT}/../Podfile.lock\" \"${PODS_ROOT}/Manifest.lock\" > /dev/null\nif [[ $? != 0 ]] ; then\n    cat << EOM\nerror: The sandbox is not in sync with the Podfile.lock. Run 'pod install' or update your CocoaPods installation.\nEOM\n    exit 1\nfi\n";
			showEnvVarsInLog = 0;
		};
		8BAF7CF2DD98416381884FD7 /* Copy Pods Resources */ = {
			isa = PBXShellScriptBuildPhase;
			buildActionMask = 2147483647;
			files = (
			);
			inputPaths = (
			);
			name = "Copy Pods Resources";
			outputPaths = (
			);
			runOnlyForDeploymentPostprocessing = 0;
			shellPath = /bin/sh;
			shellScript = "\"${SRCROOT}/Pods/Pods-resources.sh\"\n";
			showEnvVarsInLog = 0;
		};
		CC37D945069844ACB81747CB /* Copy Pods Resources */ = {
			isa = PBXShellScriptBuildPhase;
			buildActionMask = 2147483647;
			files = (
			);
			inputPaths = (
			);
			name = "Copy Pods Resources";
			outputPaths = (
			);
			runOnlyForDeploymentPostprocessing = 0;
			shellPath = /bin/sh;
			shellScript = "\"${SRCROOT}/Pods/Pods-resources.sh\"\n";
			showEnvVarsInLog = 0;
		};
		ECCB454807C544849B2611D8 /* Check Pods Manifest.lock */ = {
			isa = PBXShellScriptBuildPhase;
			buildActionMask = 2147483647;
			files = (
			);
			inputPaths = (
			);
			name = "Check Pods Manifest.lock";
			outputPaths = (
			);
			runOnlyForDeploymentPostprocessing = 0;
			shellPath = /bin/sh;
			shellScript = "diff \"${PODS_ROOT}/../Podfile.lock\" \"${PODS_ROOT}/Manifest.lock\" > /dev/null\nif [[ $? != 0 ]] ; then\n    cat << EOM\nerror: The sandbox is not in sync with the Podfile.lock. Run 'pod install' or update your CocoaPods installation.\nEOM\n    exit 1\nfi\n";
			showEnvVarsInLog = 0;
		};
/* End PBXShellScriptBuildPhase section */

/* Begin PBXSourcesBuildPhase section */
		6DFD1924182ACF0C00542227 /* Sources */ = {
			isa = PBXSourcesBuildPhase;
			buildActionMask = 2147483647;
			files = (
				6DB609C5185488CE0094E37D /* CTFAPICredentials+Validator.m in Sources */,
				6DB609C6185488CE0094E37D /* CTFAPIRKDescriptors.m in Sources */,
				6DB609B0185488870094E37D /* CTFMainViewController.m in Sources */,
				6DB609C2185488CE0094E37D /* CTFAPIAccounts.m in Sources */,
				6DB609B1185488870094E37D /* CTFRegisterViewController.m in Sources */,
				6DB609C8185488CE0094E37D /* CTFLocalCredentialsStore.m in Sources */,
				6DB609C3185488CE0094E37D /* CTFAPIConnection.m in Sources */,
				6DB609B2185488870094E37D /* CTFViewController.m in Sources */,
				6DB609EE1854A11A0094E37D /* CTFSession.m in Sources */,
				6DB609AF185488870094E37D /* CTFLoginViewController.m in Sources */,
				6D0715BC184FD965002C3023 /* Model.xcdatamodeld in Sources */,
				6DE9913C183AA00E005F3DB1 /* CoreDataService.m in Sources */,
				6DB609EC1854A11A0094E37D /* CTFGame.m in Sources */,
				6DB609EB1854A11A0094E37D /* CTFCharacter.m in Sources */,
				6DB609EF1854A11A0094E37D /* CTFUser.m in Sources */,
				6DB609C4185488CE0094E37D /* CTFAPICredentials.m in Sources */,
				6DB609E81854A11A0094E37D /* _CTFItem.m in Sources */,
				6D0D879B184D26BC002904AE /* STKeychain.m in Sources */,
				6DB609E71854A11A0094E37D /* _CTFGame.m in Sources */,
				6DB609E91854A11A0094E37D /* _CTFSession.m in Sources */,
				6DE99141183AA128005F3DB1 /* CustomManagedObject.m in Sources */,
				6DFD193C182ACF0C00542227 /* CTFAppDelegate.m in Sources */,
				6DB609EA1854A11A0094E37D /* _CTFUser.m in Sources */,
				6DB609E61854A11A0094E37D /* _CTFCharacter.m in Sources */,
				6DFD1938182ACF0C00542227 /* main.m in Sources */,
				6DB609C7185488CE0094E37D /* CTFLocalCredentials.m in Sources */,
				6DB609ED1854A11A0094E37D /* CTFItem.m in Sources */,
			);
			runOnlyForDeploymentPostprocessing = 0;
		};
		6DFD1945182ACF0D00542227 /* Sources */ = {
			isa = PBXSourcesBuildPhase;
			buildActionMask = 2147483647;
			files = (
				6D1825D7184A36120039FD92 /* CTFAPICredentialsTests.m in Sources */,
				6D0715BD184FD965002C3023 /* Model.xcdatamodeld in Sources */,
				6DE0FCCD182C030700800C09 /* CTFAPICredentials_Validator_Tests.m in Sources */,
				6DE0FCD0182C582300800C09 /* CTFLoginViewControllerTests.m in Sources */,
				6DE0FCD4182C5ABD00800C09 /* CTFRegisterViewControllerTests.m in Sources */,
				6D0D8795184CF111002904AE /* CTFAPIConnectionTests.m in Sources */,
				6D0D87AB184D3488002904AE /* CTFLocalCredentialsStoreTests.m in Sources */,
				6D0D8797184CF3FD002904AE /* CTFAPIAccountsTests.m in Sources */,
				6D0715B5184E8318002C3023 /* CTFSessionTests.m in Sources */,
				6D0D87A3184D2FB5002904AE /* CTFLocalCredentialsTests.m in Sources */,
				6DB7E7FF185628CB00FB83B0 /* CTFAPIRKDescriptorsTests.m in Sources */,
				6D9CBE6A183AB4BB000FE071 /* CTFMainViewControllerTests.m in Sources */,
			);
			runOnlyForDeploymentPostprocessing = 0;
		};
/* End PBXSourcesBuildPhase section */

/* Begin PBXTargetDependency section */
		6DB609CF1854918B0094E37D /* PBXTargetDependency */ = {
			isa = PBXTargetDependency;
			target = 6DB609C91854903C0094E37D /* Mogenerator */;
			targetProxy = 6DB609CE1854918B0094E37D /* PBXContainerItemProxy */;
		};
		6DFD194F182ACF0D00542227 /* PBXTargetDependency */ = {
			isa = PBXTargetDependency;
			target = 6DFD1927182ACF0C00542227 /* Capture The Flag */;
			targetProxy = 6DFD194E182ACF0D00542227 /* PBXContainerItemProxy */;
		};
/* End PBXTargetDependency section */

/* Begin PBXVariantGroup section */
		6D6DF20D182B8B59004A4D58 /* Localizable.strings */ = {
			isa = PBXVariantGroup;
			children = (
				6D6DF20E182B8B59004A4D58 /* en */,
				6D6DF210182B8B76004A4D58 /* pl */,
			);
			name = Localizable.strings;
			sourceTree = "<group>";
		};
		6DFD1934182ACF0C00542227 /* InfoPlist.strings */ = {
			isa = PBXVariantGroup;
			children = (
				6DFD1935182ACF0C00542227 /* en */,
			);
			name = InfoPlist.strings;
			sourceTree = "<group>";
		};
		6DFD1953182ACF0D00542227 /* InfoPlist.strings */ = {
			isa = PBXVariantGroup;
			children = (
				6DFD1954182ACF0D00542227 /* en */,
			);
			name = InfoPlist.strings;
			sourceTree = "<group>";
		};
/* End PBXVariantGroup section */

/* Begin XCBuildConfiguration section */
		6DB609CB1854903C0094E37D /* Debug */ = {
			isa = XCBuildConfiguration;
			buildSettings = {
				PRODUCT_NAME = "$(TARGET_NAME)";
			};
			name = Debug;
		};
		6DB609CC1854903C0094E37D /* Release */ = {
			isa = XCBuildConfiguration;
			buildSettings = {
				PRODUCT_NAME = "$(TARGET_NAME)";
			};
			name = Release;
		};
		6DFD1958182ACF0D00542227 /* Debug */ = {
			isa = XCBuildConfiguration;
			baseConfigurationReference = 0575C0B261A543468AFC452D /* Pods/Pods.xcconfig */;
			buildSettings = {
				ALWAYS_SEARCH_USER_PATHS = NO;
				ARCHS = "$(ARCHS_STANDARD_INCLUDING_64_BIT)";
				CLANG_CXX_LANGUAGE_STANDARD = "gnu++0x";
				CLANG_CXX_LIBRARY = "libc++";
				CLANG_ENABLE_MODULES = YES;
				CLANG_ENABLE_OBJC_ARC = YES;
				CLANG_WARN_BOOL_CONVERSION = YES;
				CLANG_WARN_CONSTANT_CONVERSION = YES;
				CLANG_WARN_DIRECT_OBJC_ISA_USAGE = YES_ERROR;
				CLANG_WARN_EMPTY_BODY = YES;
				CLANG_WARN_ENUM_CONVERSION = YES;
				CLANG_WARN_INT_CONVERSION = YES;
				CLANG_WARN_OBJC_ROOT_CLASS = YES_ERROR;
				CLANG_WARN__DUPLICATE_METHOD_MATCH = YES;
				"CODE_SIGN_IDENTITY[sdk=iphoneos*]" = "iPhone Developer";
				COPY_PHASE_STRIP = NO;
				GCC_C_LANGUAGE_STANDARD = gnu99;
				GCC_DYNAMIC_NO_PIC = NO;
				GCC_OPTIMIZATION_LEVEL = 0;
				GCC_PREPROCESSOR_DEFINITIONS = (
					"DEBUG=1",
					"$(inherited)",
				);
				GCC_SYMBOLS_PRIVATE_EXTERN = NO;
				GCC_WARN_64_TO_32_BIT_CONVERSION = YES;
				GCC_WARN_ABOUT_RETURN_TYPE = YES_ERROR;
				GCC_WARN_UNDECLARED_SELECTOR = YES;
				GCC_WARN_UNINITIALIZED_AUTOS = YES;
				GCC_WARN_UNUSED_FUNCTION = YES;
				GCC_WARN_UNUSED_VARIABLE = YES;
				IPHONEOS_DEPLOYMENT_TARGET = 7.0;
				ONLY_ACTIVE_ARCH = YES;
				SDKROOT = iphoneos;
			};
			name = Debug;
		};
		6DFD1959182ACF0D00542227 /* Release */ = {
			isa = XCBuildConfiguration;
			baseConfigurationReference = 0575C0B261A543468AFC452D /* Pods/Pods.xcconfig */;
			buildSettings = {
				ALWAYS_SEARCH_USER_PATHS = NO;
				ARCHS = "$(ARCHS_STANDARD_INCLUDING_64_BIT)";
				CLANG_CXX_LANGUAGE_STANDARD = "gnu++0x";
				CLANG_CXX_LIBRARY = "libc++";
				CLANG_ENABLE_MODULES = YES;
				CLANG_ENABLE_OBJC_ARC = YES;
				CLANG_WARN_BOOL_CONVERSION = YES;
				CLANG_WARN_CONSTANT_CONVERSION = YES;
				CLANG_WARN_DIRECT_OBJC_ISA_USAGE = YES_ERROR;
				CLANG_WARN_EMPTY_BODY = YES;
				CLANG_WARN_ENUM_CONVERSION = YES;
				CLANG_WARN_INT_CONVERSION = YES;
				CLANG_WARN_OBJC_ROOT_CLASS = YES_ERROR;
				CLANG_WARN__DUPLICATE_METHOD_MATCH = YES;
				"CODE_SIGN_IDENTITY[sdk=iphoneos*]" = "iPhone Developer";
				COPY_PHASE_STRIP = YES;
				ENABLE_NS_ASSERTIONS = NO;
				GCC_C_LANGUAGE_STANDARD = gnu99;
				GCC_WARN_64_TO_32_BIT_CONVERSION = YES;
				GCC_WARN_ABOUT_RETURN_TYPE = YES_ERROR;
				GCC_WARN_UNDECLARED_SELECTOR = YES;
				GCC_WARN_UNINITIALIZED_AUTOS = YES;
				GCC_WARN_UNUSED_FUNCTION = YES;
				GCC_WARN_UNUSED_VARIABLE = YES;
				IPHONEOS_DEPLOYMENT_TARGET = 7.0;
				SDKROOT = iphoneos;
				VALIDATE_PRODUCT = YES;
			};
			name = Release;
		};
		6DFD195B182ACF0D00542227 /* Debug */ = {
			isa = XCBuildConfiguration;
			baseConfigurationReference = 0575C0B261A543468AFC452D /* Pods/Pods.xcconfig */;
			buildSettings = {
				ASSETCATALOG_COMPILER_APPICON_NAME = AppIcon;
				ASSETCATALOG_COMPILER_LAUNCHIMAGE_NAME = LaunchImage;
				GCC_PRECOMPILE_PREFIX_HEADER = YES;
				GCC_PREFIX_HEADER = "Capture The Flag/Capture The Flag-Prefix.pch";
				INFOPLIST_FILE = "Capture The Flag/Capture The Flag-Info.plist";
				PRODUCT_NAME = "$(TARGET_NAME)";
				WRAPPER_EXTENSION = app;
			};
			name = Debug;
		};
		6DFD195C182ACF0D00542227 /* Release */ = {
			isa = XCBuildConfiguration;
			baseConfigurationReference = 0575C0B261A543468AFC452D /* Pods/Pods.xcconfig */;
			buildSettings = {
				ASSETCATALOG_COMPILER_APPICON_NAME = AppIcon;
				ASSETCATALOG_COMPILER_LAUNCHIMAGE_NAME = LaunchImage;
				GCC_PRECOMPILE_PREFIX_HEADER = YES;
				GCC_PREFIX_HEADER = "Capture The Flag/Capture The Flag-Prefix.pch";
				INFOPLIST_FILE = "Capture The Flag/Capture The Flag-Info.plist";
				PRODUCT_NAME = "$(TARGET_NAME)";
				WRAPPER_EXTENSION = app;
			};
			name = Release;
		};
		6DFD195E182ACF0D00542227 /* Debug */ = {
			isa = XCBuildConfiguration;
			baseConfigurationReference = 0575C0B261A543468AFC452D /* Pods/Pods.xcconfig */;
			buildSettings = {
				ARCHS = "$(ARCHS_STANDARD_INCLUDING_64_BIT)";
				BUNDLE_LOADER = "$(BUILT_PRODUCTS_DIR)/Capture The Flag.app/Capture The Flag";
				FRAMEWORK_SEARCH_PATHS = (
					"$(SDKROOT)/Developer/Library/Frameworks",
					"$(inherited)",
				);
				GCC_PRECOMPILE_PREFIX_HEADER = YES;
				GCC_PREFIX_HEADER = "Capture The Flag/Capture The Flag-Prefix.pch";
				GCC_PREPROCESSOR_DEFINITIONS = (
					"DEBUG=1",
					"$(inherited)",
				);
				HEADER_SEARCH_PATHS = (
					"$(inherited)",
					/Applications/Xcode.app/Contents/Developer/Toolchains/XcodeDefault.xctoolchain/usr/include,
				);
				INFOPLIST_FILE = "Capture The FlagTests/Capture The FlagTests-Info.plist";
				LIBRARY_SEARCH_PATHS = "$(inherited)";
				PRODUCT_NAME = "$(TARGET_NAME)";
				TEST_HOST = "$(BUNDLE_LOADER)";
				WRAPPER_EXTENSION = xctest;
			};
			name = Debug;
		};
		6DFD195F182ACF0D00542227 /* Release */ = {
			isa = XCBuildConfiguration;
			baseConfigurationReference = 0575C0B261A543468AFC452D /* Pods/Pods.xcconfig */;
			buildSettings = {
				ARCHS = "$(ARCHS_STANDARD_INCLUDING_64_BIT)";
				BUNDLE_LOADER = "$(BUILT_PRODUCTS_DIR)/Capture The Flag.app/Capture The Flag";
				FRAMEWORK_SEARCH_PATHS = (
					"$(SDKROOT)/Developer/Library/Frameworks",
					"$(inherited)",
				);
				GCC_PRECOMPILE_PREFIX_HEADER = YES;
				GCC_PREFIX_HEADER = "Capture The Flag/Capture The Flag-Prefix.pch";
				HEADER_SEARCH_PATHS = (
					"$(inherited)",
					/Applications/Xcode.app/Contents/Developer/Toolchains/XcodeDefault.xctoolchain/usr/include,
					"$(BUILT_PRODUCTS_DIR)/../../Headers",
				);
				INFOPLIST_FILE = "Capture The FlagTests/Capture The FlagTests-Info.plist";
				LIBRARY_SEARCH_PATHS = "$(inherited)";
				PRODUCT_NAME = "$(TARGET_NAME)";
				TEST_HOST = "$(BUNDLE_LOADER)";
				WRAPPER_EXTENSION = xctest;
			};
			name = Release;
		};
/* End XCBuildConfiguration section */

/* Begin XCConfigurationList section */
		6DB609CA1854903C0094E37D /* Build configuration list for PBXAggregateTarget "Mogenerator" */ = {
			isa = XCConfigurationList;
			buildConfigurations = (
				6DB609CB1854903C0094E37D /* Debug */,
				6DB609CC1854903C0094E37D /* Release */,
			);
			defaultConfigurationIsVisible = 0;
			defaultConfigurationName = Release;
		};
		6DFD1923182ACF0C00542227 /* Build configuration list for PBXProject "Capture The Flag" */ = {
			isa = XCConfigurationList;
			buildConfigurations = (
				6DFD1958182ACF0D00542227 /* Debug */,
				6DFD1959182ACF0D00542227 /* Release */,
			);
			defaultConfigurationIsVisible = 0;
			defaultConfigurationName = Release;
		};
		6DFD195A182ACF0D00542227 /* Build configuration list for PBXNativeTarget "Capture The Flag" */ = {
			isa = XCConfigurationList;
			buildConfigurations = (
				6DFD195B182ACF0D00542227 /* Debug */,
				6DFD195C182ACF0D00542227 /* Release */,
			);
			defaultConfigurationIsVisible = 0;
			defaultConfigurationName = Release;
		};
		6DFD195D182ACF0D00542227 /* Build configuration list for PBXNativeTarget "Capture The FlagTests" */ = {
			isa = XCConfigurationList;
			buildConfigurations = (
				6DFD195E182ACF0D00542227 /* Debug */,
				6DFD195F182ACF0D00542227 /* Release */,
			);
			defaultConfigurationIsVisible = 0;
			defaultConfigurationName = Release;
		};
/* End XCConfigurationList section */

/* Begin XCVersionGroup section */
		6DE99137183A9F9E005F3DB1 /* Model.xcdatamodeld */ = {
			isa = XCVersionGroup;
			children = (
				6DE99138183A9F9E005F3DB1 /* Model.xcdatamodel */,
			);
			currentVersion = 6DE99138183A9F9E005F3DB1 /* Model.xcdatamodel */;
			path = Model.xcdatamodeld;
			sourceTree = "<group>";
			versionGroupType = wrapper.xcdatamodel;
		};
/* End XCVersionGroup section */
	};
	rootObject = 6DFD1920182ACF0C00542227 /* Project object */;
}
